
Microsoft Visual Studio Solution File, Format Version 12.00
# Visual Studio Version 17
VisualStudioVersion = 17.2.32616.157
MinimumVisualStudioVersion = 10.0.40219.1
Project("{FAE04EC0-301F-11D3-BF4B-00C04F79EFBC}") = "VirtualGameService", "VirtualGameService\VirtualGameService.csproj", "{98DC8109-AF27-4D60-A18B-33480A89202F}"
EndProject
Global
	GlobalSection(SolutionConfigurationPlatforms) = preSolution
		Debug|Any CPU = Debug|Any CPU
		Release|Any CPU = Release|Any CPU
	EndGlobalSection
	GlobalSection(ProjectConfigurationPlatforms) = postSolution
		{98DC8109-AF27-4D60-A18B-33480A89202F}.Debug|Any CPU.ActiveCfg = Debug|Any CPU
		{98DC8109-AF27-4D60-A18B-33480A89202F}.Debug|Any CPU.Build.0 = Debug|Any CPU
		{98DC8109-AF27-4D60-A18B-33480A89202F}.Release|Any CPU.ActiveCfg = Release|Any CPU
		{98DC8109-AF27-4D60-A18B-33480A89202F}.Release|Any CPU.Build.0 = Release|Any CPU
	EndGlobalSection
	GlobalSection(SolutionProperties) = preSolution
		HideSolutionNode = FALSE
	EndGlobalSection
	GlobalSection(ExtensibilityGlobals) = postSolution
		SolutionGuid = {4BFAD6D8-B963-4DCF-B5A6-D304FFCD9E1F}
	EndGlobalSection
EndGlobal
